
Microsoft Visual Studio Solution File, Format Version 12.00
# Visual Studio Version 17
VisualStudioVersion = 17.0.31903.59
MinimumVisualStudioVersion = 10.0.40219.1
Project("{9A19103F-16F7-4668-BE54-9A1E7A4F7556}") = "CoronaTracker.Core", "CoronaTracker.Core\CoronaTracker.Core.csproj", "{D738106F-3CB4-4568-A5F3-C79DFC0DB151}"
EndProject
Project("{9A19103F-16F7-4668-BE54-9A1E7A4F7556}") = "CoronaTracker.Core.Tests.Unit", "CoronaTracker.Core.Tests.Unit\CoronaTracker.Core.Tests.Unit.csproj", "{4F2A2A6C-E491-4891-88AF-5BF6AEC1F25C}"
EndProject
Project("{9A19103F-16F7-4668-BE54-9A1E7A4F7556}") = "CoronaTracker.Core.Tests.Acceptance", "CoronaTracker.Core.Tests.Acceptance\CoronaTracker.Core.Tests.Acceptance.csproj", "{3CAE7911-E6EE-43FB-BC95-ABF5127FE183}"
EndProject
Project("{2150E333-8FDC-42A3-9474-1A3956D46DE8}") = "Solution Items", "Solution Items", "{B2C9782F-A1C2-41C9-8AC9-95E2D1CD130F}"
	ProjectSection(SolutionItems) = preProject
		.editorconfig = .editorconfig
	EndProjectSection
EndProject
Global
	GlobalSection(SolutionConfigurationPlatforms) = preSolution
		Debug|Any CPU = Debug|Any CPU
		Release|Any CPU = Release|Any CPU
	EndGlobalSection
	GlobalSection(ProjectConfigurationPlatforms) = postSolution
		{D738106F-3CB4-4568-A5F3-C79DFC0DB151}.Debug|Any CPU.ActiveCfg = Debug|Any CPU
		{D738106F-3CB4-4568-A5F3-C79DFC0DB151}.Debug|Any CPU.Build.0 = Debug|Any CPU
		{D738106F-3CB4-4568-A5F3-C79DFC0DB151}.Release|Any CPU.ActiveCfg = Release|Any CPU
		{D738106F-3CB4-4568-A5F3-C79DFC0DB151}.Release|Any CPU.Build.0 = Release|Any CPU
		{4F2A2A6C-E491-4891-88AF-5BF6AEC1F25C}.Debug|Any CPU.ActiveCfg = Debug|Any CPU
		{4F2A2A6C-E491-4891-88AF-5BF6AEC1F25C}.Debug|Any CPU.Build.0 = Debug|Any CPU
		{4F2A2A6C-E491-4891-88AF-5BF6AEC1F25C}.Release|Any CPU.ActiveCfg = Release|Any CPU
		{4F2A2A6C-E491-4891-88AF-5BF6AEC1F25C}.Release|Any CPU.Build.0 = Release|Any CPU
		{3CAE7911-E6EE-43FB-BC95-ABF5127FE183}.Debug|Any CPU.ActiveCfg = Debug|Any CPU
		{3CAE7911-E6EE-43FB-BC95-ABF5127FE183}.Debug|Any CPU.Build.0 = Debug|Any CPU
		{3CAE7911-E6EE-43FB-BC95-ABF5127FE183}.Release|Any CPU.ActiveCfg = Release|Any CPU
		{3CAE7911-E6EE-43FB-BC95-ABF5127FE183}.Release|Any CPU.Build.0 = Release|Any CPU
	EndGlobalSection
	GlobalSection(SolutionProperties) = preSolution
		HideSolutionNode = FALSE
	EndGlobalSection
	GlobalSection(ExtensibilityGlobals) = postSolution
		SolutionGuid = {3035D0D7-1A71-46B4-8FC9-2D7E2730EA3B}
	EndGlobalSection
EndGlobal
